
Microsoft Visual Studio Solution File, Format Version 12.00
# Visual Studio 15
VisualStudioVersion = 15.0.28307.779
MinimumVisualStudioVersion = 10.0.40219.1
Project("{FAE04EC0-301F-11D3-BF4B-00C04F79EFBC}") = "backend", "backend\backend.csproj", "{511D81B5-EFA6-4DE2-8B20-CE66B69275E1}"
	ProjectSection(ProjectDependencies) = postProject
		{62E538AD-B734-48C7-B66A-5C0A46F66F17} = {62E538AD-B734-48C7-B66A-5C0A46F66F17}
	EndProjectSection
EndProject
Project("{FAE04EC0-301F-11D3-BF4B-00C04F79EFBC}") = "dal", "..\dal\dal\dal.csproj", "{62E538AD-B734-48C7-B66A-5C0A46F66F17}"
EndProject
Global
	GlobalSection(SolutionConfigurationPlatforms) = preSolution
		Debug|Any CPU = Debug|Any CPU
		Release|Any CPU = Release|Any CPU
	EndGlobalSection
	GlobalSection(ProjectConfigurationPlatforms) = postSolution
		{511D81B5-EFA6-4DE2-8B20-CE66B69275E1}.Debug|Any CPU.ActiveCfg = Debug|Any CPU
		{511D81B5-EFA6-4DE2-8B20-CE66B69275E1}.Debug|Any CPU.Build.0 = Debug|Any CPU
		{511D81B5-EFA6-4DE2-8B20-CE66B69275E1}.Release|Any CPU.ActiveCfg = Release|Any CPU
		{511D81B5-EFA6-4DE2-8B20-CE66B69275E1}.Release|Any CPU.Build.0 = Release|Any CPU
		{62E538AD-B734-48C7-B66A-5C0A46F66F17}.Debug|Any CPU.ActiveCfg = Debug|Any CPU
		{62E538AD-B734-48C7-B66A-5C0A46F66F17}.Debug|Any CPU.Build.0 = Debug|Any CPU
		{62E538AD-B734-48C7-B66A-5C0A46F66F17}.Release|Any CPU.ActiveCfg = Release|Any CPU
		{62E538AD-B734-48C7-B66A-5C0A46F66F17}.Release|Any CPU.Build.0 = Release|Any CPU
	EndGlobalSection
	GlobalSection(SolutionProperties) = preSolution
		HideSolutionNode = FALSE
	EndGlobalSection
	GlobalSection(ExtensibilityGlobals) = postSolution
		SolutionGuid = {A8349592-5076-4028-BAD9-8B13D333D699}
	EndGlobalSection
EndGlobal
